// !$*UTF8*$!
{
	archiveVersion = 1;
	classes = {
	};
	objectVersion = 50;
	objects = {

/* Begin PBXBuildFile section */
		621AA1FD25C1B32B00C37CC6 /* FruitHeaderView.swift in Sources */ = {isa = PBXBuildFile; fileRef = 621AA1FC25C1B32B00C37CC6 /* FruitHeaderView.swift */; };
		621AA20025C1B5B500C37CC6 /* SourceLinkView.swift in Sources */ = {isa = PBXBuildFile; fileRef = 621AA1FF25C1B5B500C37CC6 /* SourceLinkView.swift */; };
		621AA20325C1B7AC00C37CC6 /* FruitNutrientsView.swift in Sources */ = {isa = PBXBuildFile; fileRef = 621AA20225C1B7AC00C37CC6 /* FruitNutrientsView.swift */; };
		629A77A125BF6504009B5F33 /* FructusApp.swift in Sources */ = {isa = PBXBuildFile; fileRef = 629A77A025BF6504009B5F33 /* FructusApp.swift */; };
		629A77A325BF6504009B5F33 /* ContentView.swift in Sources */ = {isa = PBXBuildFile; fileRef = 629A77A225BF6504009B5F33 /* ContentView.swift */; };
		629A77A525BF6505009B5F33 /* Assets.xcassets in Resources */ = {isa = PBXBuildFile; fileRef = 629A77A425BF6505009B5F33 /* Assets.xcassets */; };
		629A77A825BF6505009B5F33 /* Preview Assets.xcassets in Resources */ = {isa = PBXBuildFile; fileRef = 629A77A725BF6505009B5F33 /* Preview Assets.xcassets */; };
		629A77B625BF8DC9009B5F33 /* FruitCardView.swift in Sources */ = {isa = PBXBuildFile; fileRef = 629A77B525BF8DC9009B5F33 /* FruitCardView.swift */; };
		629A77B925BF9226009B5F33 /* StartButtonView.swift in Sources */ = {isa = PBXBuildFile; fileRef = 629A77B825BF9226009B5F33 /* StartButtonView.swift */; };
		629A77BC25C059E2009B5F33 /* OnboardingView.swift in Sources */ = {isa = PBXBuildFile; fileRef = 629A77BB25C059E2009B5F33 /* OnboardingView.swift */; };
		629A77C025C05C40009B5F33 /* FruitModel.swift in Sources */ = {isa = PBXBuildFile; fileRef = 629A77BF25C05C40009B5F33 /* FruitModel.swift */; };
		629A77C425C05D3B009B5F33 /* FruitData.swift in Sources */ = {isa = PBXBuildFile; fileRef = 629A77C325C05D3B009B5F33 /* FruitData.swift */; };
		629A77C725C06D94009B5F33 /* FruitRowView.swift in Sources */ = {isa = PBXBuildFile; fileRef = 629A77C625C06D94009B5F33 /* FruitRowView.swift */; };
		629A77CB25C0713F009B5F33 /* FruitDetailView.swift in Sources */ = {isa = PBXBuildFile; fileRef = 629A77CA25C0713F009B5F33 /* FruitDetailView.swift */; };
/* End PBXBuildFile section */

/* Begin PBXFileReference section */
		621AA1FC25C1B32B00C37CC6 /* FruitHeaderView.swift */ = {isa = PBXFileReference; lastKnownFileType = sourcecode.swift; path = FruitHeaderView.swift; sourceTree = "<group>"; };
		621AA1FF25C1B5B500C37CC6 /* SourceLinkView.swift */ = {isa = PBXFileReference; lastKnownFileType = sourcecode.swift; path = SourceLinkView.swift; sourceTree = "<group>"; };
		621AA20225C1B7AC00C37CC6 /* FruitNutrientsView.swift */ = {isa = PBXFileReference; lastKnownFileType = sourcecode.swift; path = FruitNutrientsView.swift; sourceTree = "<group>"; };
		629A779D25BF6504009B5F33 /* Fructus.app */ = {isa = PBXFileReference; explicitFileType = wrapper.application; includeInIndex = 0; path = Fructus.app; sourceTree = BUILT_PRODUCTS_DIR; };
		629A77A025BF6504009B5F33 /* FructusApp.swift */ = {isa = PBXFileReference; lastKnownFileType = sourcecode.swift; path = FructusApp.swift; sourceTree = "<group>"; };
		629A77A225BF6504009B5F33 /* ContentView.swift */ = {isa = PBXFileReference; lastKnownFileType = sourcecode.swift; path = ContentView.swift; sourceTree = "<group>"; };
		629A77A425BF6505009B5F33 /* Assets.xcassets */ = {isa = PBXFileReference; lastKnownFileType = folder.assetcatalog; path = Assets.xcassets; sourceTree = "<group>"; };
		629A77A725BF6505009B5F33 /* Preview Assets.xcassets */ = {isa = PBXFileReference; lastKnownFileType = folder.assetcatalog; path = "Preview Assets.xcassets"; sourceTree = "<group>"; };
		629A77A925BF6505009B5F33 /* Info.plist */ = {isa = PBXFileReference; lastKnownFileType = text.plist.xml; path = Info.plist; sourceTree = "<group>"; };
		629A77B525BF8DC9009B5F33 /* FruitCardView.swift */ = {isa = PBXFileReference; lastKnownFileType = sourcecode.swift; path = FruitCardView.swift; sourceTree = "<group>"; };
		629A77B825BF9226009B5F33 /* StartButtonView.swift */ = {isa = PBXFileReference; lastKnownFileType = sourcecode.swift; path = StartButtonView.swift; sourceTree = "<group>"; };
		629A77BB25C059E2009B5F33 /* OnboardingView.swift */ = {isa = PBXFileReference; lastKnownFileType = sourcecode.swift; path = OnboardingView.swift; sourceTree = "<group>"; };
		629A77BF25C05C40009B5F33 /* FruitModel.swift */ = {isa = PBXFileReference; lastKnownFileType = sourcecode.swift; path = FruitModel.swift; sourceTree = "<group>"; };
		629A77C325C05D3B009B5F33 /* FruitData.swift */ = {isa = PBXFileReference; lastKnownFileType = sourcecode.swift; path = FruitData.swift; sourceTree = "<group>"; };
		629A77C625C06D94009B5F33 /* FruitRowView.swift */ = {isa = PBXFileReference; lastKnownFileType = sourcecode.swift; path = FruitRowView.swift; sourceTree = "<group>"; };
		629A77CA25C0713F009B5F33 /* FruitDetailView.swift */ = {isa = PBXFileReference; lastKnownFileType = sourcecode.swift; path = FruitDetailView.swift; sourceTree = "<group>"; };
/* End PBXFileReference section */

/* Begin PBXFrameworksBuildPhase section */
		629A779A25BF6504009B5F33 /* Frameworks */ = {
			isa = PBXFrameworksBuildPhase;
			buildActionMask = 2147483647;
			files = (
			);
			runOnlyForDeploymentPostprocessing = 0;
		};
/* End PBXFrameworksBuildPhase section */

/* Begin PBXGroup section */
		629A779425BF6504009B5F33 = {
			isa = PBXGroup;
			children = (
				629A779F25BF6504009B5F33 /* Fructus */,
				629A779E25BF6504009B5F33 /* Products */,
			);
			sourceTree = "<group>";
		};
		629A779E25BF6504009B5F33 /* Products */ = {
			isa = PBXGroup;
			children = (
				629A779D25BF6504009B5F33 /* Fructus.app */,
			);
			name = Products;
			sourceTree = "<group>";
		};
		629A779F25BF6504009B5F33 /* Fructus */ = {
			isa = PBXGroup;
			children = (
				629A77C225C05D29009B5F33 /* Data */,
				629A77BE25C05C24009B5F33 /* Model */,
				629A77B325BF8D5D009B5F33 /* View */,
				629A77B125BF8D2D009B5F33 /* App */,
				629A77A425BF6505009B5F33 /* Assets.xcassets */,
				629A77A925BF6505009B5F33 /* Info.plist */,
				629A77A625BF6505009B5F33 /* Preview Content */,
			);
			path = Fructus;
			sourceTree = "<group>";
		};
		629A77A625BF6505009B5F33 /* Preview Content */ = {
			isa = PBXGroup;
			children = (
				629A77A725BF6505009B5F33 /* Preview Assets.xcassets */,
			);
			path = "Preview Content";
			sourceTree = "<group>";
		};
		629A77B125BF8D2D009B5F33 /* App */ = {
			isa = PBXGroup;
			children = (
				629A77CA25C0713F009B5F33 /* FruitDetailView.swift */,
				629A77A025BF6504009B5F33 /* FructusApp.swift */,
				629A77A225BF6504009B5F33 /* ContentView.swift */,
				629A77BB25C059E2009B5F33 /* OnboardingView.swift */,
			);
			path = App;
			sourceTree = "<group>";
		};
		629A77B325BF8D5D009B5F33 /* View */ = {
			isa = PBXGroup;
			children = (
				629A77B525BF8DC9009B5F33 /* FruitCardView.swift */,
				629A77B825BF9226009B5F33 /* StartButtonView.swift */,
				629A77C625C06D94009B5F33 /* FruitRowView.swift */,
				621AA1FC25C1B32B00C37CC6 /* FruitHeaderView.swift */,
				621AA1FF25C1B5B500C37CC6 /* SourceLinkView.swift */,
				621AA20225C1B7AC00C37CC6 /* FruitNutrientsView.swift */,
			);
			path = View;
			sourceTree = "<group>";
		};
		629A77BE25C05C24009B5F33 /* Model */ = {
			isa = PBXGroup;
			children = (
				629A77BF25C05C40009B5F33 /* FruitModel.swift */,
			);
			path = Model;
			sourceTree = "<group>";
		};
		629A77C225C05D29009B5F33 /* Data */ = {
			isa = PBXGroup;
			children = (
				629A77C325C05D3B009B5F33 /* FruitData.swift */,
			);
			path = Data;
			sourceTree = "<group>";
		};
/* End PBXGroup section */

/* Begin PBXNativeTarget section */
		629A779C25BF6504009B5F33 /* Fructus */ = {
			isa = PBXNativeTarget;
			buildConfigurationList = 629A77AC25BF6505009B5F33 /* Build configuration list for PBXNativeTarget "Fructus" */;
			buildPhases = (
				629A779925BF6504009B5F33 /* Sources */,
				629A779A25BF6504009B5F33 /* Frameworks */,
				629A779B25BF6504009B5F33 /* Resources */,
			);
			buildRules = (
			);
			dependencies = (
			);
			name = Fructus;
			productName = Fructus;
			productReference = 629A779D25BF6504009B5F33 /* Fructus.app */;
			productType = "com.apple.product-type.application";
		};
/* End PBXNativeTarget section */

/* Begin PBXProject section */
		629A779525BF6504009B5F33 /* Project object */ = {
			isa = PBXProject;
			attributes = {
				LastSwiftUpdateCheck = 1240;
				LastUpgradeCheck = 1240;
				TargetAttributes = {
					629A779C25BF6504009B5F33 = {
						CreatedOnToolsVersion = 12.4;
					};
				};
			};
			buildConfigurationList = 629A779825BF6504009B5F33 /* Build configuration list for PBXProject "Fructus" */;
			compatibilityVersion = "Xcode 9.3";
			developmentRegion = en;
			hasScannedForEncodings = 0;
			knownRegions = (
				en,
				Base,
			);
			mainGroup = 629A779425BF6504009B5F33;
			productRefGroup = 629A779E25BF6504009B5F33 /* Products */;
			projectDirPath = "";
			projectRoot = "";
			targets = (
				629A779C25BF6504009B5F33 /* Fructus */,
			);
		};
/* End PBXProject section */

/* Begin PBXResourcesBuildPhase section */
		629A779B25BF6504009B5F33 /* Resources */ = {
			isa = PBXResourcesBuildPhase;
			buildActionMask = 2147483647;
			files = (
				629A77A825BF6505009B5F33 /* Preview Assets.xcassets in Resources */,
				629A77A525BF6505009B5F33 /* Assets.xcassets in Resources */,
			);
			runOnlyForDeploymentPostprocessing = 0;
		};
/* End PBXResourcesBuildPhase section */

/* Begin PBXSourcesBuildPhase section */
		629A779925BF6504009B5F33 /* Sources */ = {
			isa = PBXSourcesBuildPhase;
			buildActionMask = 2147483647;
			files = (
				629A77C425C05D3B009B5F33 /* FruitData.swift in Sources */,
				621AA20025C1B5B500C37CC6 /* SourceLinkView.swift in Sources */,
				629A77B625BF8DC9009B5F33 /* FruitCardView.swift in Sources */,
				629A77C725C06D94009B5F33 /* FruitRowView.swift in Sources */,
				621AA20325C1B7AC00C37CC6 /* FruitNutrientsView.swift in Sources */,
				629A77B925BF9226009B5F33 /* StartButtonView.swift in Sources */,
				629A77CB25C0713F009B5F33 /* FruitDetailView.swift in Sources */,
				629A77A325BF6504009B5F33 /* ContentView.swift in Sources */,
				621AA1FD25C1B32B00C37CC6 /* FruitHeaderView.swift in Sources */,
				629A77BC25C059E2009B5F33 /* OnboardingView.swift in Sources */,
				629A77C025C05C40009B5F33 /* FruitModel.swift in Sources */,
				629A77A125BF6504009B5F33 /* FructusApp.swift in Sources */,
			);
			runOnlyForDeploymentPostprocessing = 0;
		};
/* End PBXSourcesBuildPhase section */

/* Begin XCBuildConfiguration section */
		629A77AA25BF6505009B5F33 /* Debug */ = {
			isa = XCBuildConfiguration;
			buildSettings = {
				ALWAYS_SEARCH_USER_PATHS = NO;
				CLANG_ANALYZER_NONNULL = YES;
				CLANG_ANALYZER_NUMBER_OBJECT_CONVERSION = YES_AGGRESSIVE;
				CLANG_CXX_LANGUAGE_STANDARD = "gnu++14";
				CLANG_CXX_LIBRARY = "libc++";
				CLANG_ENABLE_MODULES = YES;
				CLANG_ENABLE_OBJC_ARC = YES;
				CLANG_ENABLE_OBJC_WEAK = YES;
				CLANG_WARN_BLOCK_CAPTURE_AUTORELEASING = YES;
				CLANG_WARN_BOOL_CONVERSION = YES;
				CLANG_WARN_COMMA = YES;
				CLANG_WARN_CONSTANT_CONVERSION = YES;
				CLANG_WARN_DEPRECATED_OBJC_IMPLEMENTATIONS = YES;
				CLANG_WARN_DIRECT_OBJC_ISA_USAGE = YES_ERROR;
				CLANG_WARN_DOCUMENTATION_COMMENTS = YES;
				CLANG_WARN_EMPTY_BODY = YES;
				CLANG_WARN_ENUM_CONVERSION = YES;
				CLANG_WARN_INFINITE_RECURSION = YES;
				CLANG_WARN_INT_CONVERSION = YES;
				CLANG_WARN_NON_LITERAL_NULL_CONVERSION = YES;
				CLANG_WARN_OBJC_IMPLICIT_RETAIN_SELF = YES;
				CLANG_WARN_OBJC_LITERAL_CONVERSION = YES;
				CLANG_WARN_OBJC_ROOT_CLASS = YES_ERROR;
				CLANG_WARN_QUOTED_INCLUDE_IN_FRAMEWORK_HEADER = YES;
				CLANG_WARN_RANGE_LOOP_ANALYSIS = YES;
				CLANG_WARN_STRICT_PROTOTYPES = YES;
				CLANG_WARN_SUSPICIOUS_MOVE = YES;
				CLANG_WARN_UNGUARDED_AVAILABILITY = YES_AGGRESSIVE;
				CLANG_WARN_UNREACHABLE_CODE = YES;
				CLANG_WARN__DUPLICATE_METHOD_MATCH = YES;
				COPY_PHASE_STRIP = NO;
				DEBUG_INFORMATION_FORMAT = dwarf;
				ENABLE_STRICT_OBJC_MSGSEND = YES;
				ENABLE_TESTABILITY = YES;
				GCC_C_LANGUAGE_STANDARD = gnu11;
				GCC_DYNAMIC_NO_PIC = NO;
				GCC_NO_COMMON_BLOCKS = YES;
				GCC_OPTIMIZATION_LEVEL = 0;
				GCC_PREPROCESSOR_DEFINITIONS = (
					"DEBUG=1",
					"$(inherited)",
				);
				GCC_WARN_64_TO_32_BIT_CONVERSION = YES;
				GCC_WARN_ABOUT_RETURN_TYPE = YES_ERROR;
				GCC_WARN_UNDECLARED_SELECTOR = YES;
				GCC_WARN_UNINITIALIZED_AUTOS = YES_AGGRESSIVE;
				GCC_WARN_UNUSED_FUNCTION = YES;
				GCC_WARN_UNUSED_VARIABLE = YES;
				IPHONEOS_DEPLOYMENT_TARGET = 14.4;
				MTL_ENABLE_DEBUG_INFO = INCLUDE_SOURCE;
				MTL_FAST_MATH = YES;
				ONLY_ACTIVE_ARCH = YES;
				SDKROOT = iphoneos;
				SWIFT_ACTIVE_COMPILATION_CONDITIONS = DEBUG;
				SWIFT_OPTIMIZATION_LEVEL = "-Onone";
			};
			name = Debug;
		};
		629A77AB25BF6505009B5F33 /* Release */ = {
			isa = XCBuildConfiguration;
			buildSettings = {
				ALWAYS_SEARCH_USER_PATHS = NO;
				CLANG_ANALYZER_NONNULL = YES;
				CLANG_ANALYZER_NUMBER_OBJECT_CONVERSION = YES_AGGRESSIVE;
				CLANG_CXX_LANGUAGE_STANDARD = "gnu++14";
				CLANG_CXX_LIBRARY = "libc++";
				CLANG_ENABLE_MODULES = YES;
				CLANG_ENABLE_OBJC_ARC = YES;
				CLANG_ENABLE_OBJC_WEAK = YES;
				CLANG_WARN_BLOCK_CAPTURE_AUTORELEASING = YES;
				CLANG_WARN_BOOL_CONVERSION = YES;
				CLANG_WARN_COMMA = YES;
				CLANG_WARN_CONSTANT_CONVERSION = YES;
				CLANG_WARN_DEPRECATED_OBJC_IMPLEMENTATIONS = YES;
				CLANG_WARN_DIRECT_OBJC_ISA_USAGE = YES_ERROR;
				CLANG_WARN_DOCUMENTATION_COMMENTS = YES;
				CLANG_WARN_EMPTY_BODY = YES;
				CLANG_WARN_ENUM_CONVERSION = YES;
				CLANG_WARN_INFINITE_RECURSION = YES;
				CLANG_WARN_INT_CONVERSION = YES;
				CLANG_WARN_NON_LITERAL_NULL_CONVERSION = YES;
				CLANG_WARN_OBJC_IMPLICIT_RETAIN_SELF = YES;
				CLANG_WARN_OBJC_LITERAL_CONVERSION = YES;
				CLANG_WARN_OBJC_ROOT_CLASS = YES_ERROR;
				CLANG_WARN_QUOTED_INCLUDE_IN_FRAMEWORK_HEADER = YES;
				CLANG_WARN_RANGE_LOOP_ANALYSIS = YES;
				CLANG_WARN_STRICT_PROTOTYPES = YES;
				CLANG_WARN_SUSPICIOUS_MOVE = YES;
				CLANG_WARN_UNGUARDED_AVAILABILITY = YES_AGGRESSIVE;
				CLANG_WARN_UNREACHABLE_CODE = YES;
				CLANG_WARN__DUPLICATE_METHOD_MATCH = YES;
				COPY_PHASE_STRIP = NO;
				DEBUG_INFORMATION_FORMAT = "dwarf-with-dsym";
				ENABLE_NS_ASSERTIONS = NO;
				ENABLE_STRICT_OBJC_MSGSEND = YES;
				GCC_C_LANGUAGE_STANDARD = gnu11;
				GCC_NO_COMMON_BLOCKS = YES;
				GCC_WARN_64_TO_32_BIT_CONVERSION = YES;
				GCC_WARN_ABOUT_RETURN_TYPE = YES_ERROR;
				GCC_WARN_UNDECLARED_SELECTOR = YES;
				GCC_WARN_UNINITIALIZED_AUTOS = YES_AGGRESSIVE;
				GCC_WARN_UNUSED_FUNCTION = YES;
				GCC_WARN_UNUSED_VARIABLE = YES;
				IPHONEOS_DEPLOYMENT_TARGET = 14.4;
				MTL_ENABLE_DEBUG_INFO = NO;
				MTL_FAST_MATH = YES;
				SDKROOT = iphoneos;
				SWIFT_COMPILATION_MODE = wholemodule;
				SWIFT_OPTIMIZATION_LEVEL = "-O";
				VALIDATE_PRODUCT = YES;
			};
			name = Release;
		};
		629A77AD25BF6505009B5F33 /* Debug */ = {
			isa = XCBuildConfiguration;
			buildSettings = {
				ASSETCATALOG_COMPILER_APPICON_NAME = AppIcon;
				ASSETCATALOG_COMPILER_GLOBAL_ACCENT_COLOR_NAME = AccentColor;
				CODE_SIGN_STYLE = Automatic;
				DEVELOPMENT_ASSET_PATHS = "\"Fructus/Preview Content\"";
				DEVELOPMENT_TEAM = PVKFJ5KXUY;
				ENABLE_PREVIEWS = YES;
				INFOPLIST_FILE = Fructus/Info.plist;
				IPHONEOS_DEPLOYMENT_TARGET = 14.0;
				LD_RUNPATH_SEARCH_PATHS = (
					"$(inherited)",
					"@executable_path/Frameworks",
				);
				PRODUCT_BUNDLE_IDENTIFIER = net.insoc.Fructus;
				PRODUCT_NAME = "$(TARGET_NAME)";
				SWIFT_VERSION = 5.0;
				TARGETED_DEVICE_FAMILY = "1,2";
			};
			name = Debug;
		};
		629A77AE25BF6505009B5F33 /* Release */ = {
			isa = XCBuildConfiguration;
			buildSettings = {
				ASSETCATALOG_COMPILER_APPICON_NAME = AppIcon;
				ASSETCATALOG_COMPILER_GLOBAL_ACCENT_COLOR_NAME = AccentColor;
				CODE_SIGN_STYLE = Automatic;
				DEVELOPMENT_ASSET_PATHS = "\"Fructus/Preview Content\"";
				DEVELOPMENT_TEAM = PVKFJ5KXUY;
				ENABLE_PREVIEWS = YES;
				INFOPLIST_FILE = Fructus/Info.plist;
				IPHONEOS_DEPLOYMENT_TARGET = 14.0;
				LD_RUNPATH_SEARCH_PATHS = (
					"$(inherited)",
					"@executable_path/Frameworks",
				);
				PRODUCT_BUNDLE_IDENTIFIER = net.insoc.Fructus;
				PRODUCT_NAME = "$(TARGET_NAME)";
				SWIFT_VERSION = 5.0;
				TARGETED_DEVICE_FAMILY = "1,2";
			};
			name = Release;
		};
/* End XCBuildConfiguration section */

/* Begin XCConfigurationList section */
		629A779825BF6504009B5F33 /* Build configuration list for PBXProject "Fructus" */ = {
			isa = XCConfigurationList;
			buildConfigurations = (
				629A77AA25BF6505009B5F33 /* Debug */,
				629A77AB25BF6505009B5F33 /* Release */,
			);
			defaultConfigurationIsVisible = 0;
			defaultConfigurationName = Release;
		};
		629A77AC25BF6505009B5F33 /* Build configuration list for PBXNativeTarget "Fructus" */ = {
			isa = XCConfigurationList;
			buildConfigurations = (
				629A77AD25BF6505009B5F33 /* Debug */,
				629A77AE25BF6505009B5F33 /* Release */,
			);
			defaultConfigurationIsVisible = 0;
			defaultConfigurationName = Release;
		};
/* End XCConfigurationList section */
	};
	rootObject = 629A779525BF6504009B5F33 /* Project object */;
}
